Microsoft Visual Studio Solution File, Format Version 12.00
# Visual Studio Version 17
VisualStudioVersion = 17.5.2.0
MinimumVisualStudioVersion = 10.0.40219.1
Project("{FAE04EC0-301F-11D3-BF4B-00C04F79EFBC}") = "WorkflowAutomation", "WorkflowAutomation.csproj", "{F16E8F8E-7C97-49DE-EBF4-A567C771307A}"
EndProject
Global
	GlobalSection(SolutionConfigurationPlatforms) = preSolution
		Debug|Any CPU = Debug|Any CPU
		Release|Any CPU = Release|Any CPU
	EndGlobalSection
	GlobalSection(ProjectConfigurationPlatforms) = postSolution
		{F16E8F8E-7C97-49DE-EBF4-A567C771307A}.Debug|Any CPU.ActiveCfg = Debug|Any CPU
		{F16E8F8E-7C97-49DE-EBF4-A567C771307A}.Debug|Any CPU.Build.0 = Debug|Any CPU
		{F16E8F8E-7C97-49DE-EBF4-A567C771307A}.Release|Any CPU.ActiveCfg = Release|Any CPU
		{F16E8F8E-7C97-49DE-EBF4-A567C771307A}.Release|Any CPU.Build.0 = Release|Any CPU
	EndGlobalSection
	GlobalSection(SolutionProperties) = preSolution
		HideSolutionNode = FALSE
	EndGlobalSection
	GlobalSection(ExtensibilityGlobals) = postSolution
		SolutionGuid = {35463B12-E7C4-4EFC-9385-AF7D865F7332}
	EndGlobalSection
EndGlobal
